
Microsoft Visual Studio Solution File, Format Version 12.00
# Visual Studio Version 17
VisualStudioVersion = 17.0.31903.59
MinimumVisualStudioVersion = 10.0.40219.1
Project("{FAE04EC0-301F-11D3-BF4B-00C04F79EFBC}") = "GameStore.Infraestructure", "GameStore.Infraestructure\GameStore.Infraestructure.csproj", "{2F99404A-9FE0-47C1-B884-B8901AD8622C}"
EndProject
Project("{FAE04EC0-301F-11D3-BF4B-00C04F79EFBC}") = "GameStore.Core", "GameStore.Core\GameStore.Core.csproj", "{B1F60C85-D4DF-4865-A81C-F9464545F304}"
EndProject
Project("{FAE04EC0-301F-11D3-BF4B-00C04F79EFBC}") = "GameStore.Api", "GameStore.Api\GameStore.Api.csproj", "{75B17FE0-773A-4537-B7E6-DA1A35946F12}"
EndProject
Project("{FAE04EC0-301F-11D3-BF4B-00C04F79EFBC}") = "GameStore.Tests", "GameStore.Tests\GameStore.Tests.csproj", "{6555FBDD-ECEE-4B59-A0A0-D6E62A73DDEC}"
EndProject
Project("{FAE04EC0-301F-11D3-BF4B-00C04F79EFBC}") = "GameStore.Payment.Core", "GameStore.Payment.Core\GameStore.Payment.Core.csproj", "{209ABCA7-329D-456B-B702-B3C6351B6674}"
EndProject
Project("{FAE04EC0-301F-11D3-BF4B-00C04F79EFBC}") = "GameStore.Payment.Api", "GameStore.Payment.Api\GameStore.Payment.Api.csproj", "{B1BE4A05-02F6-466C-9397-5D844D5B8EFB}"
EndProject
Project("{FAE04EC0-301F-11D3-BF4B-00C04F79EFBC}") = "GameStore.Payment.Infraestructure", "GameStore.Payment.Infraestructure\GameStore.Payment.Infraestructure.csproj", "{A3C0DF62-6800-47F9-B613-9EB6F64B4837}"
EndProject
Project("{FAE04EC0-301F-11D3-BF4B-00C04F79EFBC}") = "GameStore.Payment.Tests", "GameStore.Payment.Tests\GameStore.Payment.Tests.csproj", "{1424697E-50D7-4187-9FE0-1DD87B4C8090}"
EndProject
Project("{FAE04EC0-301F-11D3-BF4B-00C04F79EFBC}") = "GameStore.Auth.Api", "GameStore.Auth.Api\GameStore.Auth.Api.csproj", "{BA8966A0-C5F8-4FB1-BEBA-D56A1E6E92F9}"
EndProject
Project("{FAE04EC0-301F-11D3-BF4B-00C04F79EFBC}") = "GameStore.Auth.Core", "GameStore.Auth.Core\GameStore.Auth.Core.csproj", "{9FED81C7-7F1D-4C99-9533-D188A2182482}"
EndProject
Project("{FAE04EC0-301F-11D3-BF4B-00C04F79EFBC}") = "GameStore.Auth.Infraestructure", "GameStore.Auth.Infraestructure\GameStore.Auth.Infraestructure.csproj", "{69C8B3D2-7DAC-4858-8EAA-039385F0C3EC}"
EndProject
Project("{FAE04EC0-301F-11D3-BF4B-00C04F79EFBC}") = "GameStore.Auth.Tests", "GameStore.Auth.Tests\GameStore.Auth.Tests.csproj", "{60110A78-E0EC-4792-ABC8-14B8E2BE52EC}"
EndProject
Project("{FAE04EC0-301F-11D3-BF4B-00C04F79EFBC}") = "GameStore.Logging", "GameStore.Logging\GameStore.Logging.csproj", "{E67007A7-C408-4E1C-972F-5A1F9D528987}"
EndProject
Project("{FAE04EC0-301F-11D3-BF4B-00C04F79EFBC}") = "Northwind.Infrastructure", "Northwind.Infrastructure\Northwind.Infrastructure.csproj", "{50731BB8-44CC-4C1F-AE04-DE2EEE7F2BAA}"
EndProject
Global
	GlobalSection(SolutionConfigurationPlatforms) = preSolution
		Debug|Any CPU = Debug|Any CPU
		Debug|x64 = Debug|x64
		Debug|x86 = Debug|x86
		Release|Any CPU = Release|Any CPU
		Release|x64 = Release|x64
		Release|x86 = Release|x86
	EndGlobalSection
	GlobalSection(ProjectConfigurationPlatforms) = postSolution
		{2F99404A-9FE0-47C1-B884-B8901AD8622C}.Debug|Any CPU.ActiveCfg = Debug|Any CPU
		{2F99404A-9FE0-47C1-B884-B8901AD8622C}.Debug|Any CPU.Build.0 = Debug|Any CPU
		{2F99404A-9FE0-47C1-B884-B8901AD8622C}.Debug|x64.ActiveCfg = Debug|Any CPU
		{2F99404A-9FE0-47C1-B884-B8901AD8622C}.Debug|x64.Build.0 = Debug|Any CPU
		{2F99404A-9FE0-47C1-B884-B8901AD8622C}.Debug|x86.ActiveCfg = Debug|Any CPU
		{2F99404A-9FE0-47C1-B884-B8901AD8622C}.Debug|x86.Build.0 = Debug|Any CPU
		{2F99404A-9FE0-47C1-B884-B8901AD8622C}.Release|Any CPU.ActiveCfg = Release|Any CPU
		{2F99404A-9FE0-47C1-B884-B8901AD8622C}.Release|Any CPU.Build.0 = Release|Any CPU
		{2F99404A-9FE0-47C1-B884-B8901AD8622C}.Release|x64.ActiveCfg = Release|Any CPU
		{2F99404A-9FE0-47C1-B884-B8901AD8622C}.Release|x64.Build.0 = Release|Any CPU
		{2F99404A-9FE0-47C1-B884-B8901AD8622C}.Release|x86.ActiveCfg = Release|Any CPU
		{2F99404A-9FE0-47C1-B884-B8901AD8622C}.Release|x86.Build.0 = Release|Any CPU
		{B1F60C85-D4DF-4865-A81C-F9464545F304}.Debug|Any CPU.ActiveCfg = Debug|Any CPU
		{B1F60C85-D4DF-4865-A81C-F9464545F304}.Debug|Any CPU.Build.0 = Debug|Any CPU
		{B1F60C85-D4DF-4865-A81C-F9464545F304}.Debug|x64.ActiveCfg = Debug|Any CPU
		{B1F60C85-D4DF-4865-A81C-F9464545F304}.Debug|x64.Build.0 = Debug|Any CPU
		{B1F60C85-D4DF-4865-A81C-F9464545F304}.Debug|x86.ActiveCfg = Debug|Any CPU
		{B1F60C85-D4DF-4865-A81C-F9464545F304}.Debug|x86.Build.0 = Debug|Any CPU
		{B1F60C85-D4DF-4865-A81C-F9464545F304}.Release|Any CPU.ActiveCfg = Release|Any CPU
		{B1F60C85-D4DF-4865-A81C-F9464545F304}.Release|Any CPU.Build.0 = Release|Any CPU
		{B1F60C85-D4DF-4865-A81C-F9464545F304}.Release|x64.ActiveCfg = Release|Any CPU
		{B1F60C85-D4DF-4865-A81C-F9464545F304}.Release|x64.Build.0 = Release|Any CPU
		{B1F60C85-D4DF-4865-A81C-F9464545F304}.Release|x86.ActiveCfg = Release|Any CPU
		{B1F60C85-D4DF-4865-A81C-F9464545F304}.Release|x86.Build.0 = Release|Any CPU
		{75B17FE0-773A-4537-B7E6-DA1A35946F12}.Debug|Any CPU.ActiveCfg = Debug|Any CPU
		{75B17FE0-773A-4537-B7E6-DA1A35946F12}.Debug|Any CPU.Build.0 = Debug|Any CPU
		{75B17FE0-773A-4537-B7E6-DA1A35946F12}.Debug|x64.ActiveCfg = Debug|Any CPU
		{75B17FE0-773A-4537-B7E6-DA1A35946F12}.Debug|x64.Build.0 = Debug|Any CPU
		{75B17FE0-773A-4537-B7E6-DA1A35946F12}.Debug|x86.ActiveCfg = Debug|Any CPU
		{75B17FE0-773A-4537-B7E6-DA1A35946F12}.Debug|x86.Build.0 = Debug|Any CPU
		{75B17FE0-773A-4537-B7E6-DA1A35946F12}.Release|Any CPU.ActiveCfg = Release|Any CPU
		{75B17FE0-773A-4537-B7E6-DA1A35946F12}.Release|Any CPU.Build.0 = Release|Any CPU
		{75B17FE0-773A-4537-B7E6-DA1A35946F12}.Release|x64.ActiveCfg = Release|Any CPU
		{75B17FE0-773A-4537-B7E6-DA1A35946F12}.Release|x64.Build.0 = Release|Any CPU
		{75B17FE0-773A-4537-B7E6-DA1A35946F12}.Release|x86.ActiveCfg = Release|Any CPU
		{75B17FE0-773A-4537-B7E6-DA1A35946F12}.Release|x86.Build.0 = Release|Any CPU
		{6555FBDD-ECEE-4B59-A0A0-D6E62A73DDEC}.Debug|Any CPU.ActiveCfg = Debug|Any CPU
		{6555FBDD-ECEE-4B59-A0A0-D6E62A73DDEC}.Debug|Any CPU.Build.0 = Debug|Any CPU
		{6555FBDD-ECEE-4B59-A0A0-D6E62A73DDEC}.Debug|x64.ActiveCfg = Debug|Any CPU
		{6555FBDD-ECEE-4B59-A0A0-D6E62A73DDEC}.Debug|x64.Build.0 = Debug|Any CPU
		{6555FBDD-ECEE-4B59-A0A0-D6E62A73DDEC}.Debug|x86.ActiveCfg = Debug|Any CPU
		{6555FBDD-ECEE-4B59-A0A0-D6E62A73DDEC}.Debug|x86.Build.0 = Debug|Any CPU
		{6555FBDD-ECEE-4B59-A0A0-D6E62A73DDEC}.Release|Any CPU.ActiveCfg = Release|Any CPU
		{6555FBDD-ECEE-4B59-A0A0-D6E62A73DDEC}.Release|Any CPU.Build.0 = Release|Any CPU
		{6555FBDD-ECEE-4B59-A0A0-D6E62A73DDEC}.Release|x64.ActiveCfg = Release|Any CPU
		{6555FBDD-ECEE-4B59-A0A0-D6E62A73DDEC}.Release|x64.Build.0 = Release|Any CPU
		{6555FBDD-ECEE-4B59-A0A0-D6E62A73DDEC}.Release|x86.ActiveCfg = Release|Any CPU
		{6555FBDD-ECEE-4B59-A0A0-D6E62A73DDEC}.Release|x86.Build.0 = Release|Any CPU
		{209ABCA7-329D-456B-B702-B3C6351B6674}.Debug|Any CPU.ActiveCfg = Debug|Any CPU
		{209ABCA7-329D-456B-B702-B3C6351B6674}.Debug|Any CPU.Build.0 = Debug|Any CPU
		{209ABCA7-329D-456B-B702-B3C6351B6674}.Debug|x64.ActiveCfg = Debug|Any CPU
		{209ABCA7-329D-456B-B702-B3C6351B6674}.Debug|x64.Build.0 = Debug|Any CPU
		{209ABCA7-329D-456B-B702-B3C6351B6674}.Debug|x86.ActiveCfg = Debug|Any CPU
		{209ABCA7-329D-456B-B702-B3C6351B6674}.Debug|x86.Build.0 = Debug|Any CPU
		{209ABCA7-329D-456B-B702-B3C6351B6674}.Release|Any CPU.ActiveCfg = Release|Any CPU
		{209ABCA7-329D-456B-B702-B3C6351B6674}.Release|Any CPU.Build.0 = Release|Any CPU
		{209ABCA7-329D-456B-B702-B3C6351B6674}.Release|x64.ActiveCfg = Release|Any CPU
		{209ABCA7-329D-456B-B702-B3C6351B6674}.Release|x64.Build.0 = Release|Any CPU
		{209ABCA7-329D-456B-B702-B3C6351B6674}.Release|x86.ActiveCfg = Release|Any CPU
		{209ABCA7-329D-456B-B702-B3C6351B6674}.Release|x86.Build.0 = Release|Any CPU
		{B1BE4A05-02F6-466C-9397-5D844D5B8EFB}.Debug|Any CPU.ActiveCfg = Debug|Any CPU
		{B1BE4A05-02F6-466C-9397-5D844D5B8EFB}.Debug|Any CPU.Build.0 = Debug|Any CPU
		{B1BE4A05-02F6-466C-9397-5D844D5B8EFB}.Debug|x64.ActiveCfg = Debug|Any CPU
		{B1BE4A05-02F6-466C-9397-5D844D5B8EFB}.Debug|x64.Build.0 = Debug|Any CPU
		{B1BE4A05-02F6-466C-9397-5D844D5B8EFB}.Debug|x86.ActiveCfg = Debug|Any CPU
		{B1BE4A05-02F6-466C-9397-5D844D5B8EFB}.Debug|x86.Build.0 = Debug|Any CPU
		{B1BE4A05-02F6-466C-9397-5D844D5B8EFB}.Release|Any CPU.ActiveCfg = Release|Any CPU
		{B1BE4A05-02F6-466C-9397-5D844D5B8EFB}.Release|Any CPU.Build.0 = Release|Any CPU
		{B1BE4A05-02F6-466C-9397-5D844D5B8EFB}.Release|x64.ActiveCfg = Release|Any CPU
		{B1BE4A05-02F6-466C-9397-5D844D5B8EFB}.Release|x64.Build.0 = Release|Any CPU
		{B1BE4A05-02F6-466C-9397-5D844D5B8EFB}.Release|x86.ActiveCfg = Release|Any CPU
		{B1BE4A05-02F6-466C-9397-5D844D5B8EFB}.Release|x86.Build.0 = Release|Any CPU
		{A3C0DF62-6800-47F9-B613-9EB6F64B4837}.Debug|Any CPU.ActiveCfg = Debug|Any CPU
		{A3C0DF62-6800-47F9-B613-9EB6F64B4837}.Debug|Any CPU.Build.0 = Debug|Any CPU
		{A3C0DF62-6800-47F9-B613-9EB6F64B4837}.Debug|x64.ActiveCfg = Debug|Any CPU
		{A3C0DF62-6800-47F9-B613-9EB6F64B4837}.Debug|x64.Build.0 = Debug|Any CPU
		{A3C0DF62-6800-47F9-B613-9EB6F64B4837}.Debug|x86.ActiveCfg = Debug|Any CPU
		{A3C0DF62-6800-47F9-B613-9EB6F64B4837}.Debug|x86.Build.0 = Debug|Any CPU
		{A3C0DF62-6800-47F9-B613-9EB6F64B4837}.Release|Any CPU.ActiveCfg = Release|Any CPU
		{A3C0DF62-6800-47F9-B613-9EB6F64B4837}.Release|Any CPU.Build.0 = Release|Any CPU
		{A3C0DF62-6800-47F9-B613-9EB6F64B4837}.Release|x64.ActiveCfg = Release|Any CPU
		{A3C0DF62-6800-47F9-B613-9EB6F64B4837}.Release|x64.Build.0 = Release|Any CPU
		{A3C0DF62-6800-47F9-B613-9EB6F64B4837}.Release|x86.ActiveCfg = Release|Any CPU
		{A3C0DF62-6800-47F9-B613-9EB6F64B4837}.Release|x86.Build.0 = Release|Any CPU
		{1424697E-50D7-4187-9FE0-1DD87B4C8090}.Debug|Any CPU.ActiveCfg = Debug|Any CPU
		{1424697E-50D7-4187-9FE0-1DD87B4C8090}.Debug|Any CPU.Build.0 = Debug|Any CPU
		{1424697E-50D7-4187-9FE0-1DD87B4C8090}.Debug|x64.ActiveCfg = Debug|Any CPU
		{1424697E-50D7-4187-9FE0-1DD87B4C8090}.Debug|x64.Build.0 = Debug|Any CPU
		{1424697E-50D7-4187-9FE0-1DD87B4C8090}.Debug|x86.ActiveCfg = Debug|Any CPU
		{1424697E-50D7-4187-9FE0-1DD87B4C8090}.Debug|x86.Build.0 = Debug|Any CPU
		{1424697E-50D7-4187-9FE0-1DD87B4C8090}.Release|Any CPU.ActiveCfg = Release|Any CPU
		{1424697E-50D7-4187-9FE0-1DD87B4C8090}.Release|Any CPU.Build.0 = Release|Any CPU
		{1424697E-50D7-4187-9FE0-1DD87B4C8090}.Release|x64.ActiveCfg = Release|Any CPU
		{1424697E-50D7-4187-9FE0-1DD87B4C8090}.Release|x64.Build.0 = Release|Any CPU
		{1424697E-50D7-4187-9FE0-1DD87B4C8090}.Release|x86.ActiveCfg = Release|Any CPU
		{1424697E-50D7-4187-9FE0-1DD87B4C8090}.Release|x86.Build.0 = Release|Any CPU
		{BA8966A0-C5F8-4FB1-BEBA-D56A1E6E92F9}.Debug|Any CPU.ActiveCfg = Debug|Any CPU
		{BA8966A0-C5F8-4FB1-BEBA-D56A1E6E92F9}.Debug|Any CPU.Build.0 = Debug|Any CPU
		{BA8966A0-C5F8-4FB1-BEBA-D56A1E6E92F9}.Debug|x64.ActiveCfg = Debug|Any CPU
		{BA8966A0-C5F8-4FB1-BEBA-D56A1E6E92F9}.Debug|x64.Build.0 = Debug|Any CPU
		{BA8966A0-C5F8-4FB1-BEBA-D56A1E6E92F9}.Debug|x86.ActiveCfg = Debug|Any CPU
		{BA8966A0-C5F8-4FB1-BEBA-D56A1E6E92F9}.Debug|x86.Build.0 = Debug|Any CPU
		{BA8966A0-C5F8-4FB1-BEBA-D56A1E6E92F9}.Release|Any CPU.ActiveCfg = Release|Any CPU
		{BA8966A0-C5F8-4FB1-BEBA-D56A1E6E92F9}.Release|Any CPU.Build.0 = Release|Any CPU
		{BA8966A0-C5F8-4FB1-BEBA-D56A1E6E92F9}.Release|x64.ActiveCfg = Release|Any CPU
		{BA8966A0-C5F8-4FB1-BEBA-D56A1E6E92F9}.Release|x64.Build.0 = Release|Any CPU
		{BA8966A0-C5F8-4FB1-BEBA-D56A1E6E92F9}.Release|x86.ActiveCfg = Release|Any CPU
		{BA8966A0-C5F8-4FB1-BEBA-D56A1E6E92F9}.Release|x86.Build.0 = Release|Any CPU
		{9FED81C7-7F1D-4C99-9533-D188A2182482}.Debug|Any CPU.ActiveCfg = Debug|Any CPU
		{9FED81C7-7F1D-4C99-9533-D188A2182482}.Debug|Any CPU.Build.0 = Debug|Any CPU
		{9FED81C7-7F1D-4C99-9533-D188A2182482}.Debug|x64.ActiveCfg = Debug|Any CPU
		{9FED81C7-7F1D-4C99-9533-D188A2182482}.Debug|x64.Build.0 = Debug|Any CPU
		{9FED81C7-7F1D-4C99-9533-D188A2182482}.Debug|x86.ActiveCfg = Debug|Any CPU
		{9FED81C7-7F1D-4C99-9533-D188A2182482}.Debug|x86.Build.0 = Debug|Any CPU
		{9FED81C7-7F1D-4C99-9533-D188A2182482}.Release|Any CPU.ActiveCfg = Release|Any CPU
		{9FED81C7-7F1D-4C99-9533-D188A2182482}.Release|Any CPU.Build.0 = Release|Any CPU
		{9FED81C7-7F1D-4C99-9533-D188A2182482}.Release|x64.ActiveCfg = Release|Any CPU
		{9FED81C7-7F1D-4C99-9533-D188A2182482}.Release|x64.Build.0 = Release|Any CPU
		{9FED81C7-7F1D-4C99-9533-D188A2182482}.Release|x86.ActiveCfg = Release|Any CPU
		{9FED81C7-7F1D-4C99-9533-D188A2182482}.Release|x86.Build.0 = Release|Any CPU
		{69C8B3D2-7DAC-4858-8EAA-039385F0C3EC}.Debug|Any CPU.ActiveCfg = Debug|Any CPU
		{69C8B3D2-7DAC-4858-8EAA-039385F0C3EC}.Debug|Any CPU.Build.0 = Debug|Any CPU
		{69C8B3D2-7DAC-4858-8EAA-039385F0C3EC}.Debug|x64.ActiveCfg = Debug|Any CPU
		{69C8B3D2-7DAC-4858-8EAA-039385F0C3EC}.Debug|x64.Build.0 = Debug|Any CPU
		{69C8B3D2-7DAC-4858-8EAA-039385F0C3EC}.Debug|x86.ActiveCfg = Debug|Any CPU
		{69C8B3D2-7DAC-4858-8EAA-039385F0C3EC}.Debug|x86.Build.0 = Debug|Any CPU
		{69C8B3D2-7DAC-4858-8EAA-039385F0C3EC}.Release|Any CPU.ActiveCfg = Release|Any CPU
		{69C8B3D2-7DAC-4858-8EAA-039385F0C3EC}.Release|Any CPU.Build.0 = Release|Any CPU
		{69C8B3D2-7DAC-4858-8EAA-039385F0C3EC}.Release|x64.ActiveCfg = Release|Any CPU
		{69C8B3D2-7DAC-4858-8EAA-039385F0C3EC}.Release|x64.Build.0 = Release|Any CPU
		{69C8B3D2-7DAC-4858-8EAA-039385F0C3EC}.Release|x86.ActiveCfg = Release|Any CPU
		{69C8B3D2-7DAC-4858-8EAA-039385F0C3EC}.Release|x86.Build.0 = Release|Any CPU
		{60110A78-E0EC-4792-ABC8-14B8E2BE52EC}.Debug|Any CPU.ActiveCfg = Debug|Any CPU
		{60110A78-E0EC-4792-ABC8-14B8E2BE52EC}.Debug|Any CPU.Build.0 = Debug|Any CPU
		{60110A78-E0EC-4792-ABC8-14B8E2BE52EC}.Debug|x64.ActiveCfg = Debug|Any CPU
		{60110A78-E0EC-4792-ABC8-14B8E2BE52EC}.Debug|x64.Build.0 = Debug|Any CPU
		{60110A78-E0EC-4792-ABC8-14B8E2BE52EC}.Debug|x86.ActiveCfg = Debug|Any CPU
		{60110A78-E0EC-4792-ABC8-14B8E2BE52EC}.Debug|x86.Build.0 = Debug|Any CPU
		{60110A78-E0EC-4792-ABC8-14B8E2BE52EC}.Release|Any CPU.ActiveCfg = Release|Any CPU
		{60110A78-E0EC-4792-ABC8-14B8E2BE52EC}.Release|Any CPU.Build.0 = Release|Any CPU
		{60110A78-E0EC-4792-ABC8-14B8E2BE52EC}.Release|x64.ActiveCfg = Release|Any CPU
		{60110A78-E0EC-4792-ABC8-14B8E2BE52EC}.Release|x64.Build.0 = Release|Any CPU
		{60110A78-E0EC-4792-ABC8-14B8E2BE52EC}.Release|x86.ActiveCfg = Release|Any CPU
		{60110A78-E0EC-4792-ABC8-14B8E2BE52EC}.Release|x86.Build.0 = Release|Any CPU
		{E67007A7-C408-4E1C-972F-5A1F9D528987}.Debug|Any CPU.ActiveCfg = Debug|Any CPU
		{E67007A7-C408-4E1C-972F-5A1F9D528987}.Debug|Any CPU.Build.0 = Debug|Any CPU
		{E67007A7-C408-4E1C-972F-5A1F9D528987}.Debug|x64.ActiveCfg = Debug|Any CPU
		{E67007A7-C408-4E1C-972F-5A1F9D528987}.Debug|x64.Build.0 = Debug|Any CPU
		{E67007A7-C408-4E1C-972F-5A1F9D528987}.Debug|x86.ActiveCfg = Debug|Any CPU
		{E67007A7-C408-4E1C-972F-5A1F9D528987}.Debug|x86.Build.0 = Debug|Any CPU
		{E67007A7-C408-4E1C-972F-5A1F9D528987}.Release|Any CPU.ActiveCfg = Release|Any CPU
		{E67007A7-C408-4E1C-972F-5A1F9D528987}.Release|Any CPU.Build.0 = Release|Any CPU
		{E67007A7-C408-4E1C-972F-5A1F9D528987}.Release|x64.ActiveCfg = Release|Any CPU
		{E67007A7-C408-4E1C-972F-5A1F9D528987}.Release|x64.Build.0 = Release|Any CPU
		{E67007A7-C408-4E1C-972F-5A1F9D528987}.Release|x86.ActiveCfg = Release|Any CPU
		{E67007A7-C408-4E1C-972F-5A1F9D528987}.Release|x86.Build.0 = Release|Any CPU
		{50731BB8-44CC-4C1F-AE04-DE2EEE7F2BAA}.Debug|Any CPU.ActiveCfg = Debug|Any CPU
		{50731BB8-44CC-4C1F-AE04-DE2EEE7F2BAA}.Debug|Any CPU.Build.0 = Debug|Any CPU
		{50731BB8-44CC-4C1F-AE04-DE2EEE7F2BAA}.Debug|x64.ActiveCfg = Debug|Any CPU
		{50731BB8-44CC-4C1F-AE04-DE2EEE7F2BAA}.Debug|x64.Build.0 = Debug|Any CPU
		{50731BB8-44CC-4C1F-AE04-DE2EEE7F2BAA}.Debug|x86.ActiveCfg = Debug|Any CPU
		{50731BB8-44CC-4C1F-AE04-DE2EEE7F2BAA}.Debug|x86.Build.0 = Debug|Any CPU
		{50731BB8-44CC-4C1F-AE04-DE2EEE7F2BAA}.Release|Any CPU.ActiveCfg = Release|Any CPU
		{50731BB8-44CC-4C1F-AE04-DE2EEE7F2BAA}.Release|Any CPU.Build.0 = Release|Any CPU
		{50731BB8-44CC-4C1F-AE04-DE2EEE7F2BAA}.Release|x64.ActiveCfg = Release|Any CPU
		{50731BB8-44CC-4C1F-AE04-DE2EEE7F2BAA}.Release|x64.Build.0 = Release|Any CPU
		{50731BB8-44CC-4C1F-AE04-DE2EEE7F2BAA}.Release|x86.ActiveCfg = Release|Any CPU
		{50731BB8-44CC-4C1F-AE04-DE2EEE7F2BAA}.Release|x86.Build.0 = Release|Any CPU
	EndGlobalSection
	GlobalSection(SolutionProperties) = preSolution
		HideSolutionNode = FALSE
	EndGlobalSection
EndGlobal
